{
  "name": "example",
  "version": "1.0.0",
  "lockfileVersion": 3,
  "requires": true,
  "packages": {
    "": {
      "name": "example",
      "version": "1.0.0",
      "license": "ISC",
      "dependencies": {
        "flamingo-carotene-core": "^6.4.0",
        "flamingo-carotene-pug": "^6.3.1"
      }
    },
    "node_modules/@colors/colors": {
      "version": "1.5.0",
      "resolved": "https://registry.npmjs.org/@colors/colors/-/colors-1.5.0.tgz",
      "integrity": "sha512-ooWCrlZP11i8GImSjTHYHLkvFDP48nS4+204nGb1RiX/WXYHmJA2III9/e2DWVabCESdW7hBAEzHRqUn9OUVvQ==",
      "optional": true,
      "engines": {
        "node": ">=0.1.90"
      }
    },
    "node_modules/@types/babel-types": {
      "version": "7.0.7",
      "resolved": "https://registry.npmjs.org/@types/babel-types/-/babel-types-7.0.7.tgz",
      "integrity": "sha512-dBtBbrc+qTHy1WdfHYjBwRln4+LWqASWakLHsWHR2NWHIFkv4W3O070IGoGLEBrJBvct3r0L1BUPuvURi7kYUQ=="
    },
    "node_modules/@types/babylon": {
      "version": "6.16.5",
      "resolved": "https://registry.npmjs.org/@types/babylon/-/babylon-6.16.5.tgz",
      "integrity": "sha512-xH2e58elpj1X4ynnKp9qSnWlsRTIs6n3tgLGNfwAGHwePw0mulHQllV34n0T25uYSu1k0hRKkWXF890B1yS47w==",
      "dependencies": {
        "@types/babel-types": "*"
      }
    },
    "node_modules/acorn": {
      "version": "3.3.0",
      "resolved": "https://registry.npmjs.org/acorn/-/acorn-3.3.0.tgz",
      "integrity": "sha1-ReN/s56No/JbruP/U2niu18iAXo=",
      "bin": {
        "acorn": "bin/acorn"
      },
      "engines": {
        "node": ">=0.4.0"
      }
    },
    "node_modules/acorn-globals": {
      "version": "3.1.0",
      "resolved": "https://registry.npmjs.org/acorn-globals/-/acorn-globals-3.1.0.tgz",
      "integrity": "sha1-/YJw9x+7SZawBPqIDuXUZXOnMb8=",
      "dependencies": {
        "acorn": "^4.0.4"
      }
    },
    "node_modules/acorn-globals/node_modules/acorn": {
      "version": "4.0.13",
      "resolved": "https://registry.npmjs.org/acorn/-/acorn-4.0.13.tgz",
      "integrity": "sha1-EFSVrlNh1pe9GVyCUZLhrX8lN4c=",
      "bin": {
        "acorn": "bin/acorn"
      },
      "engines": {
        "node": ">=0.4.0"
      }
    },
    "node_modules/align-text": {
      "version": "0.1.4",
      "resolved": "https://registry.npmjs.org/align-text/-/align-text-0.1.4.tgz",
      "integrity": "sha1-DNkKVhCT810KmSVsIrcGlDP60Rc=",
      "dependencies": {
        "kind-of": "^3.0.2",
        "longest": "^1.0.1",
        "repeat-string": "^1.5.2"
      },
      "engines": {
        "node": ">=0.10.0"
      }
    },
    "node_modules/ansi-regex": {
      "version": "5.0.1",
      "resolved": "https://registry.npmjs.org/ansi-regex/-/ansi-regex-5.0.1.tgz",
      "integrity": "sha512-quJQXlTSUGL2LH9SUXo8VwsY4soanhgo6LNSm84E1LBcE8s3O0wpdiRzyR9z/ZZJMlMWv37qOOb9pdJlMUEKFQ==",
      "engines": {
        "node": ">=8"
      }
    },
    "node_modules/ansi-styles": {
      "version": "4.3.0",
      "resolved": "https://registry.npmjs.org/ansi-styles/-/ansi-styles-4.3.0.tgz",
      "integrity": "sha512-zbB9rCJAT1rbjiVDb2hqKFHNYLxgtk8NURxZ3IZwD3F6NtxbXZQCnnSi1Lkx+IDohdPlFp222wVALIheZJQSEg==",
      "dependencies": {
        "color-convert": "^2.0.1"
      },
      "engines": {
        "node": ">=8"
      },
      "funding": {
        "url": "https://github.com/chalk/ansi-styles?sponsor=1"
      }
    },
    "node_modules/ansi-to-html": {
      "version": "0.7.2",
      "resolved": "https://registry.npmjs.org/ansi-to-html/-/ansi-to-html-0.7.2.tgz",
      "integrity": "sha512-v6MqmEpNlxF+POuyhKkidusCHWWkaLcGRURzivcU3I9tv7k4JVhFcnukrM5Rlk2rUywdZuzYAZ+kbZqWCnfN3g==",
      "dependencies": {
        "entities": "^2.2.0"
      },
      "bin": {
        "ansi-to-html": "bin/ansi-to-html"
      },
      "engines": {
        "node": ">=8.0.0"
      }
    },
    "node_modules/asap": {
      "version": "2.0.6",
      "resolved": "https://registry.npmjs.org/asap/-/asap-2.0.6.tgz",
      "integrity": "sha1-5QNHYR1+aQlDIIu9r+vLwvuGbUY="
    },
    "node_modules/async": {
      "version": "3.1.1",
      "resolved": "https://registry.npmjs.org/async/-/async-3.1.1.tgz",
      "integrity": "sha512-X5Dj8hK1pJNC2Wzo2Rcp9FBVdJMGRR/S7V+lH46s8GVFhtbo5O4Le5GECCF/8PISVdkUA6mMPvgz7qTTD1rf1g=="
    },
    "node_modules/babel-runtime": {
      "version": "6.26.0",
      "resolved": "https://registry.npmjs.org/babel-runtime/-/babel-runtime-6.26.0.tgz",
      "integrity": "sha1-llxwWGaOgrVde/4E/yM3vItWR/4=",
      "dependencies": {
        "core-js": "^2.4.0",
        "regenerator-runtime": "^0.11.0"
      }
    },
    "node_modules/babel-types": {
      "version": "6.26.0",
      "resolved": "https://registry.npmjs.org/babel-types/-/babel-types-6.26.0.tgz",
      "integrity": "sha1-o7Bz+Uq0nrb6Vc1lInozQ4BjJJc=",
      "dependencies": {
        "babel-runtime": "^6.26.0",
        "esutils": "^2.0.2",
        "lodash": "^4.17.4",
        "to-fast-properties": "^1.0.3"
      }
    },
    "node_modules/babylon": {
      "version": "6.18.0",
      "resolved": "https://registry.npmjs.org/babylon/-/babylon-6.18.0.tgz",
      "integrity": "sha512-q/UEjfGJ2Cm3oKV71DJz9d25TPnq5rhBVL2Q4fA5wcC3jcrdn7+SssEybFIxwAvvP+YCsCYNKughoF33GxgycQ==",
      "bin": {
        "babylon": "bin/babylon.js"
      }
    },
    "node_modules/balanced-match": {
      "version": "1.0.0",
      "resolved": "https://registry.npmjs.org/balanced-match/-/balanced-match-1.0.0.tgz",
      "integrity": "sha1-ibTRmasr7kneFk6gK4nORi1xt2c="
    },
    "node_modules/brace-expansion": {
      "version": "1.1.11",
      "resolved": "https://registry.npmjs.org/brace-expansion/-/brace-expansion-1.1.11.tgz",
      "integrity": "sha512-iCuPHDFgrHX7H2vEI/5xpz07zSHB00TpugqhmYtVmMO6518mCuRMoOYFldEBl0g187ufozdaHgWKcYFb61qGiA==",
      "dependencies": {
        "balanced-match": "^1.0.0",
        "concat-map": "0.0.1"
      }
    },
    "node_modules/camelcase": {
      "version": "1.2.1",
      "resolved": "https://registry.npmjs.org/camelcase/-/camelcase-1.2.1.tgz",
      "integrity": "sha1-m7UwTS4LVmmLLHWLCKPqqdqlijk=",
      "engines": {
        "node": ">=0.10.0"
      }
    },
    "node_modules/center-align": {
      "version": "0.1.3",
      "resolved": "https://registry.npmjs.org/center-align/-/center-align-0.1.3.tgz",
      "integrity": "sha1-qg0yYptu6XIgBBHL1EYckHvCt60=",
      "dependencies": {
        "align-text": "^0.1.3",
        "lazy-cache": "^1.0.3"
      },
      "engines": {
        "node": ">=0.10.0"
      }
    },
    "node_modules/chalk": {
      "version": "4.1.2",
      "resolved": "https://registry.npmjs.org/chalk/-/chalk-4.1.2.tgz",
      "integrity": "sha512-oKnbhFyRIXpUuez8iBMmyEa4nbj4IOQyuhc/wy9kY7/WVPcwIO9VA668Pu8RkO7+0G76SLROeyw9CpQ061i4mA==",
      "dependencies": {
        "ansi-styles": "^4.1.0",
        "supports-color": "^7.1.0"
      },
      "engines": {
        "node": ">=10"
      },
      "funding": {
        "url": "https://github.com/chalk/chalk?sponsor=1"
      }
    },
    "node_modules/character-parser": {
      "version": "2.2.0",
      "resolved": "https://registry.npmjs.org/character-parser/-/character-parser-2.2.0.tgz",
      "integrity": "sha1-x84o821LzZdE5f/CxfzeHHMmH8A=",
      "dependencies": {
        "is-regex": "^1.0.3"
      }
    },
    "node_modules/clean-css": {
      "version": "4.2.3",
      "resolved": "https://registry.npmjs.org/clean-css/-/clean-css-4.2.3.tgz",
      "integrity": "sha512-VcMWDN54ZN/DS+g58HYL5/n4Zrqe8vHJpGA8KdgUXFU4fuP/aHNw8eld9SyEIyabIMJX/0RaY/fplOo5hYLSFA==",
      "dependencies": {
        "source-map": "~0.6.0"
      },
      "engines": {
        "node": ">= 4.0"
      }
    },
    "node_modules/cli-progress": {
      "version": "3.12.0",
      "resolved": "https://registry.npmjs.org/cli-progress/-/cli-progress-3.12.0.tgz",
      "integrity": "sha512-tRkV3HJ1ASwm19THiiLIXLO7Im7wlTuKnvkYaTkyoAPefqjNg7W7DHKUlGRxy9vxDvbyCYQkQozvptuMkGCg8A==",
      "dependencies": {
        "string-width": "^4.2.3"
      },
      "engines": {
        "node": ">=4"
      }
    },
    "node_modules/cli-table3": {
      "version": "0.6.3",
      "resolved": "https://registry.npmjs.org/cli-table3/-/cli-table3-0.6.3.tgz",
      "integrity": "sha512-w5Jac5SykAeZJKntOxJCrm63Eg5/4dhMWIcuTbo9rpE+brgaSZo0RuNJZeOyMgsUdhDeojvgyQLmjI+K50ZGyg==",
      "dependencies": {
        "string-width": "^4.2.0"
      },
      "engines": {
        "node": "10.* || >= 12.*"
      },
      "optionalDependencies": {
        "@colors/colors": "1.5.0"
      }
    },
    "node_modules/cliui": {
      "version": "2.1.0",
      "resolved": "https://registry.npmjs.org/cliui/-/cliui-2.1.0.tgz",
      "integrity": "sha1-S0dXYP+AJkx2LDoXGQMukcf+oNE=",
      "dependencies": {
        "center-align": "^0.1.1",
        "right-align": "^0.1.1",
        "wordwrap": "0.0.2"
      }
    },
    "node_modules/color-convert": {
      "version": "2.0.1",
      "resolved": "https://registry.npmjs.org/color-convert/-/color-convert-2.0.1.tgz",
      "integrity": "sha512-RRECPsj7iu/xb5oKYcsFHSppFNnsj/52OVTRKb4zP5onXwVF3zVmmToNcOfGC+CRDpfK/U584fMg38ZHCaElKQ==",
      "dependencies": {
        "color-name": "~1.1.4"
      },
      "engines": {
        "node": ">=7.0.0"
      }
    },
    "node_modules/color-name": {
      "version": "1.1.4",
      "resolved": "https://registry.npmjs.org/color-name/-/color-name-1.1.4.tgz",
      "integrity": "sha512-dOy+3AuW3a2wNbZHIuMZpTcgjGuLU/uBL/ubcZF9OXbDo8ff4O8yVp5Bf0efS8uEoYo5q4Fx7dY9OgQGXgAsQA=="
    },
    "node_modules/concat-map": {
      "version": "0.0.1",
      "resolved": "https://registry.npmjs.org/concat-map/-/concat-map-0.0.1.tgz",
      "integrity": "sha1-2Klr13/Wjfd5OnMDajug1UBdR3s="
    },
    "node_modules/constantinople": {
      "version": "3.1.2",
      "resolved": "https://registry.npmjs.org/constantinople/-/constantinople-3.1.2.tgz",
      "integrity": "sha512-yePcBqEFhLOqSBtwYOGGS1exHo/s1xjekXiinh4itpNQGCu4KA1euPh1fg07N2wMITZXQkBz75Ntdt1ctGZouw==",
      "dependencies": {
        "@types/babel-types": "^7.0.0",
        "@types/babylon": "^6.16.2",
        "babel-types": "^6.26.0",
        "babylon": "^6.18.0"
      }
    },
    "node_modules/core-js": {
      "version": "2.6.11",
      "resolved": "https://registry.npmjs.org/core-js/-/core-js-2.6.11.tgz",
      "integrity": "sha512-5wjnpaT/3dV+XB4borEsnAYQchn00XSgTAWKDkEqv+K8KevjbzmofK6hfJ9TZIlpj2N0xQpazy7PiRQiWHqzWg==",
      "deprecated": "core-js@<3.23.3 is no longer maintained and not recommended for usage due to the number of issues. Because of the V8 engine whims, feature detection in old core-js versions could cause a slowdown up to 100x even if nothing is polyfilled. Some versions have web compatibility issues. Please, upgrade your dependencies to the actual version of core-js.",
      "hasInstallScript": true
    },
    "node_modules/decamelize": {
      "version": "1.2.0",
      "resolved": "https://registry.npmjs.org/decamelize/-/decamelize-1.2.0.tgz",
      "integrity": "sha1-9lNNFRSCabIDUue+4m9QH5oZEpA=",
      "engines": {
        "node": ">=0.10.0"
      }
    },
    "node_modules/doctypes": {
      "version": "1.1.0",
      "resolved": "https://registry.npmjs.org/doctypes/-/doctypes-1.1.0.tgz",
      "integrity": "sha1-6oCxBqh1OHdOijpKWv4pPeSJ4Kk="
    },
    "node_modules/emoji-regex": {
      "version": "8.0.0",
      "resolved": "https://registry.npmjs.org/emoji-regex/-/emoji-regex-8.0.0.tgz",
      "integrity": "sha512-MSjYzcWNOA0ewAHpz0MxpYFvwg6yjy1NG3xteoqz644VCo/RPgnr1/GGt+ic3iJTzQ8Eu3TdM14SawnVUmGE6A=="
    },
    "node_modules/entities": {
      "version": "2.2.0",
      "resolved": "https://registry.npmjs.org/entities/-/entities-2.2.0.tgz",
      "integrity": "sha512-p92if5Nz619I0w+akJrLZH0MX0Pb5DX39XOwQTtXSdQQOaYH03S1uIQp4mhOZtAXrxq4ViO67YTiLBo2638o9A==",
      "funding": {
        "url": "https://github.com/fb55/entities?sponsor=1"
      }
    },
    "node_modules/esutils": {
      "version": "2.0.3",
      "resolved": "https://registry.npmjs.org/esutils/-/esutils-2.0.3.tgz",
      "integrity": "sha512-kVscqXk4OCp68SZ0dkgEKVi6/8ij300KBWTJq32P/dYeWTSwK41WyTxalN1eRmA5Z9UU/LX9D7FWSmV9SAYx6g==",
      "engines": {
        "node": ">=0.10.0"
      }
    },
    "node_modules/flamingo-carotene-core": {
      "version": "6.7.29",
      "resolved": "https://registry.npmjs.org/flamingo-carotene-core/-/flamingo-carotene-core-6.7.29.tgz",
      "integrity": "sha512-M7KK7m/6moR60o+eUlFS0qBdz/fn29Hjv1W6OTvtNWXPt3wpu8pb+i9eFhBHmcY+MGg0hgu3+PDIH5PFlT/I8g==",
      "dependencies": {
        "ansi-to-html": "^0.7.2",
        "chalk": "^4.1.2",
        "cli-progress": "^3.10.0",
        "cli-table3": "^0.6.1",
        "intercept-stdout": "^0.1.2",
        "node-emoji": "^1.11.0",
        "progress": "^2.0.3",
        "shelljs": "^0.8.5",
        "word-wrap": "^1.2.3"
      },
      "bin": {
        "fc": "bin/flamingoCarotene.js",
        "flamingo-carotene": "bin/flamingoCarotene.js"
      }
    },
    "node_modules/flamingo-carotene-pug": {
      "version": "6.3.1",
      "resolved": "https://registry.npmjs.org/flamingo-carotene-pug/-/flamingo-carotene-pug-6.3.1.tgz",
      "integrity": "sha512-wErHJvbTe5RSPMxtD3/SQruxWm3VmWMFRtfuD37Xbi5I0G5GHYY7YhajL4VyBz0Qe5T58u2T1a2wujDoBFQxrA==",
      "dependencies": {
        "async": "^3.1.0",
        "glob": "^7.1.6",
        "mkdirp-sync": "0.0.3",
        "pug": "^2.0.4"
      },
      "bin": {
        "flamingo-carotene-pug": "bin/flamingoCarotenePug.js"
      }
    },
    "node_modules/fs.realpath": {
      "version": "1.0.0",
      "resolved": "https://registry.npmjs.org/fs.realpath/-/fs.realpath-1.0.0.tgz",
      "integrity": "sha1-FQStJSMVjKpA20onh8sBQRmU6k8="
    },
    "node_modules/function-bind": {
      "version": "1.1.1",
      "resolved": "https://registry.npmjs.org/function-bind/-/function-bind-1.1.1.tgz",
      "integrity": "sha512-yIovAzMX49sF8Yl58fSCWJ5svSLuaibPxXQJFLmBObTuCr0Mf1KiPopGM9NiFjiYBCbfaa2Fh6breQ6ANVTI0A=="
    },
    "node_modules/glob": {
      "version": "7.1.6",
      "resolved": "https://registry.npmjs.org/glob/-/glob-7.1.6.tgz",
      "integrity": "sha512-LwaxwyZ72Lk7vZINtNNrywX0ZuLyStrdDtabefZKAY5ZGJhVtgdznluResxNmPitE0SAO+O26sWTHeKSI2wMBA==",
      "dependencies": {
        "fs.realpath": "^1.0.0",
        "inflight": "^1.0.4",
        "inherits": "2",
        "minimatch": "^3.0.4",
        "once": "^1.3.0",
        "path-is-absolute": "^1.0.0"
      },
      "engines": {
        "node": "*"
      },
      "funding": {
        "url": "https://github.com/sponsors/isaacs"
      }
    },
    "node_modules/has": {
      "version": "1.0.3",
      "resolved": "https://registry.npmjs.org/has/-/has-1.0.3.tgz",
      "integrity": "sha512-f2dvO0VU6Oej7RkWJGrehjbzMAjFp5/VKPp5tTpWIV4JHHZK1/BxbFRtf/siA2SWTe09caDmVtYYzWEIbBS4zw==",
      "dependencies": {
        "function-bind": "^1.1.1"
      },
      "engines": {
        "node": ">= 0.4.0"
      }
    },
    "node_modules/has-flag": {
      "version": "4.0.0",
      "resolved": "https://registry.npmjs.org/has-flag/-/has-flag-4.0.0.tgz",
      "integrity": "sha512-EykJT/Q1KjTWctppgIAgfSO0tKVuZUjhgMr17kqTumMl6Afv3EISleU7qZUzoXDFTAHTDC4NOoG/ZxU3EvlMPQ==",
      "engines": {
        "node": ">=8"
      }
    },
    "node_modules/inflight": {
      "version": "1.0.6",
      "resolved": "https://registry.npmjs.org/inflight/-/inflight-1.0.6.tgz",
      "integrity": "sha1-Sb1jMdfQLQwJvJEKEHW6gWW1bfk=",
      "dependencies": {
        "once": "^1.3.0",
        "wrappy": "1"
      }
    },
    "node_modules/inherits": {
      "version": "2.0.4",
      "resolved": "https://registry.npmjs.org/inherits/-/inherits-2.0.4.tgz",
      "integrity": "sha512-k/vGaX4/Yla3WzyMCvTQOXYeIHvqOKtnqBduzTHpzpQZzAskKMhZ2K+EnBiSM9zGSoIFeMpXKxa4dYeZIQqewQ=="
    },
    "node_modules/intercept-stdout": {
      "version": "0.1.2",
      "resolved": "https://registry.npmjs.org/intercept-stdout/-/intercept-stdout-0.1.2.tgz",
      "integrity": "sha1-Emq/H65sUJpCipjGGmMVWQQq6f0=",
      "dependencies": {
        "lodash.toarray": "^3.0.0"
      }
    },
    "node_modules/interpret": {
      "version": "1.4.0",
      "resolved": "https://registry.npmjs.org/interpret/-/interpret-1.4.0.tgz",
      "integrity": "sha512-agE4QfB2Lkp9uICn7BAqoscw4SZP9kTE2hxiFI3jBPmXJfdqiahTbUuKGsMoN2GtqL9AxhYioAcVvgsb1HvRbA==",
      "engines": {
        "node": ">= 0.10"
      }
    },
    "node_modules/is-buffer": {
      "version": "1.1.6",
      "resolved": "https://registry.npmjs.org/is-buffer/-/is-buffer-1.1.6.tgz",
      "integrity": "sha512-NcdALwpXkTm5Zvvbk7owOUSvVvBKDgKP5/ewfXEznmQFfs4ZRmanOeKBTjRVjka3QFoN6XJ+9F3USqfHqTaU5w=="
    },
    "node_modules/is-expression": {
      "version": "3.0.0",
      "resolved": "https://registry.npmjs.org/is-expression/-/is-expression-3.0.0.tgz",
      "integrity": "sha1-Oayqa+f9HzRx3ELHQW5hwkMXrJ8=",
      "dependencies": {
        "acorn": "~4.0.2",
        "object-assign": "^4.0.1"
      }
    },
    "node_modules/is-expression/node_modules/acorn": {
      "version": "4.0.13",
      "resolved": "https://registry.npmjs.org/acorn/-/acorn-4.0.13.tgz",
      "integrity": "sha1-EFSVrlNh1pe9GVyCUZLhrX8lN4c=",
      "bin": {
        "acorn": "bin/acorn"
      },
      "engines": {
        "node": ">=0.4.0"
      }
    },
    "node_modules/is-fullwidth-code-point": {
      "version": "3.0.0",
      "resolved": "https://registry.npmjs.org/is-fullwidth-code-point/-/is-fullwidth-code-point-3.0.0.tgz",
      "integrity": "sha512-zymm5+u+sCsSWyD9qNaejV3DFvhCKclKdizYaJUuHA83RLjb7nSuGnddCHGv0hk+KY7BMAlsWeK4Ueg6EV6XQg==",
      "engines": {
        "node": ">=8"
      }
    },
    "node_modules/is-promise": {
      "version": "2.1.0",
      "resolved": "https://registry.npmjs.org/is-promise/-/is-promise-2.1.0.tgz",
      "integrity": "sha1-eaKp7OfwlugPNtKy87wWwf9L8/o="
    },
    "node_modules/is-regex": {
      "version": "1.0.5",
      "resolved": "https://registry.npmjs.org/is-regex/-/is-regex-1.0.5.tgz",
      "integrity": "sha512-vlKW17SNq44owv5AQR3Cq0bQPEb8+kF3UKZ2fiZNOWtztYE5i0CzCZxFDwO58qAOWtxdBRVO/V5Qin1wjCqFYQ==",
      "dependencies": {
        "has": "^1.0.3"
      },
      "engines": {
        "node": ">= 0.4"
      },
      "funding": {
        "url": "https://github.com/sponsors/ljharb"
      }
    },
    "node_modules/js-stringify": {
      "version": "1.0.2",
      "resolved": "https://registry.npmjs.org/js-stringify/-/js-stringify-1.0.2.tgz",
      "integrity": "sha1-Fzb939lyTyijaCrcYjCufk6Weds="
    },
    "node_modules/jstransformer": {
      "version": "1.0.0",
      "resolved": "https://registry.npmjs.org/jstransformer/-/jstransformer-1.0.0.tgz",
      "integrity": "sha1-7Yvwkh4vPx7U1cGkT2hwntJHIsM=",
      "dependencies": {
        "is-promise": "^2.0.0",
        "promise": "^7.0.1"
      }
    },
    "node_modules/kind-of": {
      "version": "3.2.2",
      "resolved": "https://registry.npmjs.org/kind-of/-/kind-of-3.2.2.tgz",
      "integrity": "sha1-MeohpzS6ubuw8yRm2JOupR5KPGQ=",
      "dependencies": {
        "is-buffer": "^1.1.5"
      },
      "engines": {
        "node": ">=0.10.0"
      }
    },
    "node_modules/lazy-cache": {
      "version": "1.0.4",
      "resolved": "https://registry.npmjs.org/lazy-cache/-/lazy-cache-1.0.4.tgz",
      "integrity": "sha1-odePw6UEdMuAhF07O24dpJpEbo4=",
      "engines": {
        "node": ">=0.10.0"
      }
    },
    "node_modules/lodash": {
      "version": "4.17.21",
      "resolved": "https://registry.npmjs.org/lodash/-/lodash-4.17.21.tgz",
      "integrity": "sha512-v2kDEe57lecTulaDIuNTPy3Ry4gLGJ6Z1O3vE1krgXZNrsQ+LFTGHVxVjcXPs17LhbZVGedAJv8XZ1tvj5FvSg=="
    },
    "node_modules/lodash._arraycopy": {
      "version": "3.0.0",
      "resolved": "https://registry.npmjs.org/lodash._arraycopy/-/lodash._arraycopy-3.0.0.tgz",
      "integrity": "sha1-due3wfH7klRzdIeKVi7Qaj5Q9uE="
    },
    "node_modules/lodash._basevalues": {
      "version": "3.0.0",
      "resolved": "https://registry.npmjs.org/lodash._basevalues/-/lodash._basevalues-3.0.0.tgz",
      "integrity": "sha1-W3dXYoAr3j0yl1A+JjAIIP32Ybc="
    },
    "node_modules/lodash._getnative": {
      "version": "3.9.1",
      "resolved": "https://registry.npmjs.org/lodash._getnative/-/lodash._getnative-3.9.1.tgz",
      "integrity": "sha1-VwvH3t5G1hzc3mh9ZdPuy6o6r/U="
    },
    "node_modules/lodash.isarguments": {
      "version": "3.1.0",
      "resolved": "https://registry.npmjs.org/lodash.isarguments/-/lodash.isarguments-3.1.0.tgz",
      "integrity": "sha1-L1c9hcaiQon/AGY7SRwdM4/zRYo="
    },
    "node_modules/lodash.isarray": {
      "version": "3.0.4",
      "resolved": "https://registry.npmjs.org/lodash.isarray/-/lodash.isarray-3.0.4.tgz",
      "integrity": "sha1-eeTriMNqgSKvhvhEqpvNhRtfu1U="
    },
    "node_modules/lodash.keys": {
      "version": "3.1.2",
      "resolved": "https://registry.npmjs.org/lodash.keys/-/lodash.keys-3.1.2.tgz",
      "integrity": "sha1-TbwEcrFWvlCgsoaFXRvQsMZWCYo=",
      "dependencies": {
        "lodash._getnative": "^3.0.0",
        "lodash.isarguments": "^3.0.0",
        "lodash.isarray": "^3.0.0"
      }
    },
    "node_modules/lodash.toarray": {
      "version": "3.0.2",
      "resolved": "https://registry.npmjs.org/lodash.toarray/-/lodash.toarray-3.0.2.tgz",
      "integrity": "sha1-KyBPD6T1HChcbwDIHRzqWiMEEXk=",
      "dependencies": {
        "lodash._arraycopy": "^3.0.0",
        "lodash._basevalues": "^3.0.0",
        "lodash.keys": "^3.0.0"
      }
    },
    "node_modules/longest": {
      "version": "1.0.1",
      "resolved": "https://registry.npmjs.org/longest/-/longest-1.0.1.tgz",
      "integrity": "sha1-MKCy2jj3N3DoKUoNIuZiXtd9AJc=",
      "engines": {
        "node": ">=0.10.0"
      }
    },
    "node_modules/minimatch": {
      "version": "3.0.4",
      "resolved": "https://registry.npmjs.org/minimatch/-/minimatch-3.0.4.tgz",
      "integrity": "sha512-yJHVQEhyqPLUTgt9B83PXu6W3rx4MvvHvSUvToogpwoGDOUQ+yDrR0HRot+yOCdCO7u4hX3pWft6kWBBcqh0UA==",
      "dependencies": {
        "brace-expansion": "^1.1.7"
      },
      "engines": {
        "node": "*"
      }
    },
    "node_modules/mkdirp-sync": {
      "version": "0.0.3",
      "resolved": "https://registry.npmjs.org/mkdirp-sync/-/mkdirp-sync-0.0.3.tgz",
      "integrity": "sha512-p3raJmGXoDqceIMqxAgx/DHesLkC+Ni+qTUpVIXuTuvvVcIihAbcTT68w68HHMqW5yEreNB1dl2EBm4TKtnLoQ=="
    },
    "node_modules/node-emoji": {
      "version": "1.11.0",
      "resolved": "https://registry.npmjs.org/node-emoji/-/node-emoji-1.11.0.tgz",
      "integrity": "sha512-wo2DpQkQp7Sjm2A0cq+sN7EHKO6Sl0ctXeBdFZrL9T9+UywORbufTcTZxom8YqpLQt/FqNMUkOpkZrJVYSKD3A==",
      "dependencies": {
        "lodash": "^4.17.21"
      }
    },
    "node_modules/object-assign": {
      "version": "4.1.1",
      "resolved": "https://registry.npmjs.org/object-assign/-/object-assign-4.1.1.tgz",
      "integrity": "sha1-IQmtx5ZYh8/AXLvUQsrIv7s2CGM=",
      "engines": {
        "node": ">=0.10.0"
      }
    },
    "node_modules/once": {
      "version": "1.4.0",
      "resolved": "https://registry.npmjs.org/once/-/once-1.4.0.tgz",
      "integrity": "sha1-WDsap3WWHUsROsF9nFC6753Xa9E=",
      "dependencies": {
        "wrappy": "1"
      }
    },
    "node_modules/path-is-absolute": {
      "version": "1.0.1",
      "resolved": "https://registry.npmjs.org/path-is-absolute/-/path-is-absolute-1.0.1.tgz",
      "integrity": "sha1-F0uSaHNVNP+8es5r9TpanhtcX18=",
      "engines": {
        "node": ">=0.10.0"
      }
    },
    "node_modules/path-parse": {
      "version": "1.0.6",
      "resolved": "https://registry.npmjs.org/path-parse/-/path-parse-1.0.6.tgz",
      "integrity": "sha512-GSmOT2EbHrINBf9SR7CDELwlJ8AENk3Qn7OikK4nFYAu3Ote2+JYNVvkpAEQm3/TLNEJFD/xZJjzyxg3KBWOzw=="
    },
    "node_modules/progress": {
      "version": "2.0.3",
      "resolved": "https://registry.npmjs.org/progress/-/progress-2.0.3.tgz",
      "integrity": "sha512-7PiHtLll5LdnKIMw100I+8xJXR5gW2QwWYkT6iJva0bXitZKa/XMrSbdmg3r2Xnaidz9Qumd0VPaMrZlF9V9sA==",
      "engines": {
        "node": ">=0.4.0"
      }
    },
    "node_modules/promise": {
      "version": "7.3.1",
      "resolved": "https://registry.npmjs.org/promise/-/promise-7.3.1.tgz",
      "integrity": "sha512-nolQXZ/4L+bP/UGlkfaIujX9BKxGwmQ9OT4mOt5yvy8iK1h3wqTEJCijzGANTCCl9nWjY41juyAn2K3Q1hLLTg==",
      "dependencies": {
        "asap": "~2.0.3"
      }
    },
    "node_modules/pug": {
      "version": "2.0.4",
      "resolved": "https://registry.npmjs.org/pug/-/pug-2.0.4.tgz",
      "integrity": "sha512-XhoaDlvi6NIzL49nu094R2NA6P37ijtgMDuWE+ofekDChvfKnzFal60bhSdiy8y2PBO6fmz3oMEIcfpBVRUdvw==",
      "dependencies": {
        "pug-code-gen": "^2.0.2",
        "pug-filters": "^3.1.1",
        "pug-lexer": "^4.1.0",
        "pug-linker": "^3.0.6",
        "pug-load": "^2.0.12",
        "pug-parser": "^5.0.1",
        "pug-runtime": "^2.0.5",
        "pug-strip-comments": "^1.0.4"
      }
    },
    "node_modules/pug-attrs": {
      "version": "2.0.4",
      "resolved": "https://registry.npmjs.org/pug-attrs/-/pug-attrs-2.0.4.tgz",
      "integrity": "sha512-TaZ4Z2TWUPDJcV3wjU3RtUXMrd3kM4Wzjbe3EWnSsZPsJ3LDI0F3yCnf2/W7PPFF+edUFQ0HgDL1IoxSz5K8EQ==",
      "dependencies": {
        "constantinople": "^3.0.1",
        "js-stringify": "^1.0.1",
        "pug-runtime": "^2.0.5"
      }
    },
    "node_modules/pug-code-gen": {
      "version": "2.0.3",
      "resolved": "https://registry.npmjs.org/pug-code-gen/-/pug-code-gen-2.0.3.tgz",
      "integrity": "sha512-r9sezXdDuZJfW9J91TN/2LFbiqDhmltTFmGpHTsGdrNGp3p4SxAjjXEfnuK2e4ywYsRIVP0NeLbSAMHUcaX1EA==",
      "dependencies": {
        "constantinople": "^3.1.2",
        "doctypes": "^1.1.0",
        "js-stringify": "^1.0.1",
        "pug-attrs": "^2.0.4",
        "pug-error": "^1.3.3",
        "pug-runtime": "^2.0.5",
        "void-elements": "^2.0.1",
        "with": "^5.0.0"
      }
    },
    "node_modules/pug-error": {
      "version": "1.3.3",
      "resolved": "https://registry.npmjs.org/pug-error/-/pug-error-1.3.3.tgz",
      "integrity": "sha512-qE3YhESP2mRAWMFJgKdtT5D7ckThRScXRwkfo+Erqga7dyJdY3ZquspprMCj/9sJ2ijm5hXFWQE/A3l4poMWiQ=="
    },
    "node_modules/pug-filters": {
      "version": "3.1.1",
      "resolved": "https://registry.npmjs.org/pug-filters/-/pug-filters-3.1.1.tgz",
      "integrity": "sha512-lFfjNyGEyVWC4BwX0WyvkoWLapI5xHSM3xZJFUhx4JM4XyyRdO8Aucc6pCygnqV2uSgJFaJWW3Ft1wCWSoQkQg==",
      "dependencies": {
        "clean-css": "^4.1.11",
        "constantinople": "^3.0.1",
        "jstransformer": "1.0.0",
        "pug-error": "^1.3.3",
        "pug-walk": "^1.1.8",
        "resolve": "^1.1.6",
        "uglify-js": "^2.6.1"
      }
    },
    "node_modules/pug-lexer": {
      "version": "4.1.0",
      "resolved": "https://registry.npmjs.org/pug-lexer/-/pug-lexer-4.1.0.tgz",
      "integrity": "sha512-i55yzEBtjm0mlplW4LoANq7k3S8gDdfC6+LThGEvsK4FuobcKfDAwt6V4jKPH9RtiE3a2Akfg5UpafZ1OksaPA==",
      "dependencies": {
        "character-parser": "^2.1.1",
        "is-expression": "^3.0.0",
        "pug-error": "^1.3.3"
      }
    },
    "node_modules/pug-linker": {
      "version": "3.0.6",
      "resolved": "https://registry.npmjs.org/pug-linker/-/pug-linker-3.0.6.tgz",
      "integrity": "sha512-bagfuHttfQOpANGy1Y6NJ+0mNb7dD2MswFG2ZKj22s8g0wVsojpRlqveEQHmgXXcfROB2RT6oqbPYr9EN2ZWzg==",
      "dependencies": {
        "pug-error": "^1.3.3",
        "pug-walk": "^1.1.8"
      }
    },
    "node_modules/pug-load": {
      "version": "2.0.12",
      "resolved": "https://registry.npmjs.org/pug-load/-/pug-load-2.0.12.tgz",
      "integrity": "sha512-UqpgGpyyXRYgJs/X60sE6SIf8UBsmcHYKNaOccyVLEuT6OPBIMo6xMPhoJnqtB3Q3BbO4Z3Bjz5qDsUWh4rXsg==",
      "dependencies": {
        "object-assign": "^4.1.0",
        "pug-walk": "^1.1.8"
      }
    },
    "node_modules/pug-parser": {
      "version": "5.0.1",
      "resolved": "https://registry.npmjs.org/pug-parser/-/pug-parser-5.0.1.tgz",
      "integrity": "sha512-nGHqK+w07p5/PsPIyzkTQfzlYfuqoiGjaoqHv1LjOv2ZLXmGX1O+4Vcvps+P4LhxZ3drYSljjq4b+Naid126wA==",
      "dependencies": {
        "pug-error": "^1.3.3",
        "token-stream": "0.0.1"
      }
    },
    "node_modules/pug-runtime": {
      "version": "2.0.5",
      "resolved": "https://registry.npmjs.org/pug-runtime/-/pug-runtime-2.0.5.tgz",
      "integrity": "sha512-P+rXKn9un4fQY77wtpcuFyvFaBww7/91f3jHa154qU26qFAnOe6SW1CbIDcxiG5lLK9HazYrMCCuDvNgDQNptw=="
    },
    "node_modules/pug-strip-comments": {
      "version": "1.0.4",
      "resolved": "https://registry.npmjs.org/pug-strip-comments/-/pug-strip-comments-1.0.4.tgz",
      "integrity": "sha512-i5j/9CS4yFhSxHp5iKPHwigaig/VV9g+FgReLJWWHEHbvKsbqL0oP/K5ubuLco6Wu3Kan5p7u7qk8A4oLLh6vw==",
      "dependencies": {
        "pug-error": "^1.3.3"
      }
    },
    "node_modules/pug-walk": {
      "version": "1.1.8",
      "resolved": "https://registry.npmjs.org/pug-walk/-/pug-walk-1.1.8.tgz",
      "integrity": "sha512-GMu3M5nUL3fju4/egXwZO0XLi6fW/K3T3VTgFQ14GxNi8btlxgT5qZL//JwZFm/2Fa64J/PNS8AZeys3wiMkVA=="
    },
    "node_modules/rechoir": {
      "version": "0.6.2",
      "resolved": "https://registry.npmjs.org/rechoir/-/rechoir-0.6.2.tgz",
      "integrity": "sha512-HFM8rkZ+i3zrV+4LQjwQ0W+ez98pApMGM3HUrN04j3CqzPOzl9nmP15Y8YXNm8QHGv/eacOVEjqhmWpkRV0NAw==",
      "dependencies": {
        "resolve": "^1.1.6"
      },
      "engines": {
        "node": ">= 0.10"
      }
    },
    "node_modules/regenerator-runtime": {
      "version": "0.11.1",
      "resolved": "https://registry.npmjs.org/regenerator-runtime/-/regenerator-runtime-0.11.1.tgz",
      "integrity": "sha512-MguG95oij0fC3QV3URf4V2SDYGJhJnJGqvIIgdECeODCT98wSWDAJ94SSuVpYQUoTcGUIL6L4yNB7j1DFFHSBg=="
    },
    "node_modules/repeat-string": {
      "version": "1.6.1",
      "resolved": "https://registry.npmjs.org/repeat-string/-/repeat-string-1.6.1.tgz",
      "integrity": "sha1-jcrkcOHIirwtYA//Sndihtp15jc=",
      "engines": {
        "node": ">=0.10"
      }
    },
    "node_modules/resolve": {
      "version": "1.15.1",
      "resolved": "https://registry.npmjs.org/resolve/-/resolve-1.15.1.tgz",
      "integrity": "sha512-84oo6ZTtoTUpjgNEr5SJyzQhzL72gaRodsSfyxC/AXRvwu0Yse9H8eF9IpGo7b8YetZhlI6v7ZQ6bKBFV/6S7w==",
      "dependencies": {
        "path-parse": "^1.0.6"
      },
      "funding": {
        "url": "https://github.com/sponsors/ljharb"
      }
    },
    "node_modules/right-align": {
      "version": "0.1.3",
      "resolved": "https://registry.npmjs.org/right-align/-/right-align-0.1.3.tgz",
      "integrity": "sha1-YTObci/mo1FWiSENJOFMlhSGE+8=",
      "dependencies": {
        "align-text": "^0.1.1"
      },
      "engines": {
        "node": ">=0.10.0"
      }
    },
    "node_modules/shelljs": {
      "version": "0.8.5",
      "resolved": "https://registry.npmjs.org/shelljs/-/shelljs-0.8.5.tgz",
      "integrity": "sha512-TiwcRcrkhHvbrZbnRcFYMLl30Dfov3HKqzp5tO5b4pt6G/SezKcYhmDg15zXVBswHmctSAQKznqNW2LO5tTDow==",
      "dependencies": {
        "glob": "^7.0.0",
        "interpret": "^1.0.0",
        "rechoir": "^0.6.2"
      },
      "bin": {
        "shjs": "bin/shjs"
      },
      "engines": {
        "node": ">=4"
      }
    },
    "node_modules/source-map": {
      "version": "0.6.1",
      "resolved": "https://registry.npmjs.org/source-map/-/source-map-0.6.1.tgz",
      "integrity": "sha512-UjgapumWlbMhkBgzT7Ykc5YXUT46F0iKu8SGXq0bcwP5dz/h0Plj6enJqjz1Zbq2l5WaqYnrVbwWOWMyF3F47g==",
      "engines": {
        "node": ">=0.10.0"
      }
    },
    "node_modules/string-width": {
      "version": "4.2.3",
      "resolved": "https://registry.npmjs.org/string-width/-/string-width-4.2.3.tgz",
      "integrity": "sha512-wKyQRQpjJ0sIp62ErSZdGsjMJWsap5oRNihHhu6G7JVO/9jIB6UyevL+tXuOqrng8j/cxKTWyWUwvSTriiZz/g==",
      "dependencies": {
        "emoji-regex": "^8.0.0",
        "is-fullwidth-code-point": "^3.0.0",
        "strip-ansi": "^6.0.1"
      },
      "engines": {
        "node": ">=8"
      }
    },
    "node_modules/strip-ansi": {
      "version": "6.0.1",
      "resolved": "https://registry.npmjs.org/strip-ansi/-/strip-ansi-6.0.1.tgz",
      "integrity": "sha512-Y38VPSHcqkFrCpFnQ9vuSXmquuv5oXOKpGeT6aGrr3o3Gc9AlVa6JBfUSOCnbxGGZF+/0ooI7KrPuUSztUdU5A==",
      "dependencies": {
        "ansi-regex": "^5.0.1"
      },
      "engines": {
        "node": ">=8"
      }
    },
    "node_modules/supports-color": {
      "version": "7.2.0",
      "resolved": "https://registry.npmjs.org/supports-color/-/supports-color-7.2.0.tgz",
      "integrity": "sha512-qpCAvRl9stuOHveKsn7HncJRvv501qIacKzQlO/+Lwxc9+0q2wLyv4Dfvt80/DPn2pqOBsJdDiogXGR9+OvwRw==",
      "dependencies": {
        "has-flag": "^4.0.0"
      },
      "engines": {
        "node": ">=8"
      }
    },
    "node_modules/to-fast-properties": {
      "version": "1.0.3",
      "resolved": "https://registry.npmjs.org/to-fast-properties/-/to-fast-properties-1.0.3.tgz",
      "integrity": "sha1-uDVx+k2MJbguIxsG46MFXeTKGkc=",
      "engines": {
        "node": ">=0.10.0"
      }
    },
    "node_modules/token-stream": {
      "version": "0.0.1",
      "resolved": "https://registry.npmjs.org/token-stream/-/token-stream-0.0.1.tgz",
      "integrity": "sha1-zu78cXp2xDFvEm0LnbqlXX598Bo="
    },
    "node_modules/uglify-js": {
      "version": "2.8.29",
      "resolved": "https://registry.npmjs.org/uglify-js/-/uglify-js-2.8.29.tgz",
      "integrity": "sha1-KcVzMUgFe7Th913zW3qcty5qWd0=",
      "dependencies": {
        "source-map": "~0.5.1",
        "yargs": "~3.10.0"
      },
      "bin": {
        "uglifyjs": "bin/uglifyjs"
      },
      "engines": {
        "node": ">=0.8.0"
      },
      "optionalDependencies": {
        "uglify-to-browserify": "~1.0.0"
      }
    },
    "node_modules/uglify-js/node_modules/source-map": {
      "version": "0.5.7",
      "resolved": "https://registry.npmjs.org/source-map/-/source-map-0.5.7.tgz",
      "integrity": "sha1-igOdLRAh0i0eoUyA2OpGi6LvP8w=",
      "engines": {
        "node": ">=0.10.0"
      }
    },
    "node_modules/uglify-to-browserify": {
      "version": "1.0.2",
      "resolved": "https://registry.npmjs.org/uglify-to-browserify/-/uglify-to-browserify-1.0.2.tgz",
      "integrity": "sha1-bgkk1r2mta/jSeOabWMoUKD4grc=",
      "optional": true
    },
    "node_modules/void-elements": {
      "version": "2.0.1",
      "resolved": "https://registry.npmjs.org/void-elements/-/void-elements-2.0.1.tgz",
      "integrity": "sha1-wGavtYK7HLQSjWDqkjkulNXp2+w=",
      "engines": {
        "node": ">=0.10.0"
      }
    },
    "node_modules/window-size": {
      "version": "0.1.0",
      "resolved": "https://registry.npmjs.org/window-size/-/window-size-0.1.0.tgz",
      "integrity": "sha1-VDjNLqk7IC76Ohn+iIeu58lPnJ0=",
      "engines": {
        "node": ">= 0.8.0"
      }
    },
    "node_modules/with": {
      "version": "5.1.1",
      "resolved": "https://registry.npmjs.org/with/-/with-5.1.1.tgz",
      "integrity": "sha1-+k2qktrzLE6pTtRTyB8EaGtXXf4=",
      "dependencies": {
        "acorn": "^3.1.0",
        "acorn-globals": "^3.0.0"
      }
    },
    "node_modules/word-wrap": {
      "version": "1.2.3",
      "resolved": "https://registry.npmjs.org/word-wrap/-/word-wrap-1.2.3.tgz",
      "integrity": "sha512-Hz/mrNwitNRh/HUAtM/VT/5VH+ygD6DV7mYKZAtHOrbs8U7lvPS6xf7EJKMF0uW1KJCl0H701g3ZGus+muE5vQ==",
      "engines": {
        "node": ">=0.10.0"
      }
    },
    "node_modules/wordwrap": {
      "version": "0.0.2",
      "resolved": "https://registry.npmjs.org/wordwrap/-/wordwrap-0.0.2.tgz",
      "integrity": "sha1-t5Zpu0LstAn4PVg8rVLKF+qhZD8=",
      "engines": {
        "node": ">=0.4.0"
      }
    },
    "node_modules/wrappy": {
      "version": "1.0.2",
      "resolved": "https://registry.npmjs.org/wrappy/-/wrappy-1.0.2.tgz",
      "integrity": "sha1-tSQ9jz7BqjXxNkYFvA0QNuMKtp8="
    },
    "node_modules/yargs": {
      "version": "3.10.0",
      "resolved": "https://registry.npmjs.org/yargs/-/yargs-3.10.0.tgz",
      "integrity": "sha1-9+572FfdfB0tOMDnTvvWgdFDH9E=",
      "dependencies": {
        "camelcase": "^1.0.2",
        "cliui": "^2.1.0",
        "decamelize": "^1.0.0",
        "window-size": "0.1.0"
      }
    }
  }
}
